
Microsoft Visual Studio Solution File, Format Version 12.00
# Visual Studio Version 16
VisualStudioVersion = 16.0.28803.352
MinimumVisualStudioVersion = 10.0.40219.1
Project("{FAE04EC0-301F-11D3-BF4B-00C04F79EFBC}") = "BTBV2.Mobile.Android", "BTBV2.Mobile\BTBV2.Mobile.Android\BTBV2.Mobile.Android.csproj", "{94EED85C-34C8-411A-8B56-12DCC97F1D87}"
EndProject
Project("{9A19103F-16F7-4668-BE54-9A1E7A4F7556}") = "BTBV2.Mobile", "BTBV2.Mobile\BTBV2.Mobile\BTBV2.Mobile.csproj", "{0D05ED7F-3517-440B-B44F-5E47A5ED5A64}"
EndProject
Project("{2150E333-8FDC-42A3-9474-1A3956D46DE8}") = "SolutionFolder", "SolutionFolder", "{8BF68134-DE2A-4ECE-AE51-E6DFBFAFF331}"
	ProjectSection(SolutionItems) = preProject
		..\..\README.md = ..\..\README.md
	EndProjectSection
EndProject
Project("{FAE04EC0-301F-11D3-BF4B-00C04F79EFBC}") = "BTBV2.DAL", "BTBV2.DAL\BTBV2.DAL.csproj", "{6B022990-71E3-4FC4-A62C-F12E42BBA612}"
EndProject
Global
	GlobalSection(SolutionConfigurationPlatforms) = preSolution
		Debug|Any CPU = Debug|Any CPU
		Release|Any CPU = Release|Any CPU
	EndGlobalSection
	GlobalSection(ProjectConfigurationPlatforms) = postSolution
		{94EED85C-34C8-411A-8B56-12DCC97F1D87}.Debug|Any CPU.ActiveCfg = Debug|Any CPU
		{94EED85C-34C8-411A-8B56-12DCC97F1D87}.Debug|Any CPU.Build.0 = Debug|Any CPU
		{94EED85C-34C8-411A-8B56-12DCC97F1D87}.Debug|Any CPU.Deploy.0 = Debug|Any CPU
		{94EED85C-34C8-411A-8B56-12DCC97F1D87}.Release|Any CPU.ActiveCfg = Release|Any CPU
		{94EED85C-34C8-411A-8B56-12DCC97F1D87}.Release|Any CPU.Build.0 = Release|Any CPU
		{94EED85C-34C8-411A-8B56-12DCC97F1D87}.Release|Any CPU.Deploy.0 = Release|Any CPU
		{0D05ED7F-3517-440B-B44F-5E47A5ED5A64}.Debug|Any CPU.ActiveCfg = Debug|Any CPU
		{0D05ED7F-3517-440B-B44F-5E47A5ED5A64}.Debug|Any CPU.Build.0 = Debug|Any CPU
		{0D05ED7F-3517-440B-B44F-5E47A5ED5A64}.Debug|Any CPU.Deploy.0 = Debug|Any CPU
		{0D05ED7F-3517-440B-B44F-5E47A5ED5A64}.Release|Any CPU.ActiveCfg = Release|Any CPU
		{0D05ED7F-3517-440B-B44F-5E47A5ED5A64}.Release|Any CPU.Build.0 = Release|Any CPU
		{0D05ED7F-3517-440B-B44F-5E47A5ED5A64}.Release|Any CPU.Deploy.0 = Release|Any CPU
		{6B022990-71E3-4FC4-A62C-F12E42BBA612}.Debug|Any CPU.ActiveCfg = Debug|Any CPU
		{6B022990-71E3-4FC4-A62C-F12E42BBA612}.Debug|Any CPU.Build.0 = Debug|Any CPU
		{6B022990-71E3-4FC4-A62C-F12E42BBA612}.Release|Any CPU.ActiveCfg = Release|Any CPU
		{6B022990-71E3-4FC4-A62C-F12E42BBA612}.Release|Any CPU.Build.0 = Release|Any CPU
	EndGlobalSection
	GlobalSection(SolutionProperties) = preSolution
		HideSolutionNode = FALSE
	EndGlobalSection
	GlobalSection(ExtensibilityGlobals) = postSolution
		SolutionGuid = {E5BB1E50-7731-4F76-8DD1-E90FBEF13A91}
	EndGlobalSection
EndGlobal
